
Microsoft Visual Studio Solution File, Format Version 12.00
# Visual Studio Version 17
VisualStudioVersion = 17.5.002.0
MinimumVisualStudioVersion = 10.0.40219.1
Project("{9A19103F-16F7-4668-BE54-9A1E7A4F7556}") = "PlaywrightTests", "PlaywrightTests.csproj", "{E078D2B2-FF7C-496E-98EE-B503A4E0CDB9}"
EndProject
Global
	GlobalSection(SolutionConfigurationPlatforms) = preSolution
		Debug|Any CPU = Debug|Any CPU
		Release|Any CPU = Release|Any CPU
	EndGlobalSection
	GlobalSection(ProjectConfigurationPlatforms) = postSolution
		{E078D2B2-FF7C-496E-98EE-B503A4E0CDB9}.Debug|Any CPU.ActiveCfg = Debug|Any CPU
		{E078D2B2-FF7C-496E-98EE-B503A4E0CDB9}.Debug|Any CPU.Build.0 = Debug|Any CPU
		{E078D2B2-FF7C-496E-98EE-B503A4E0CDB9}.Release|Any CPU.ActiveCfg = Release|Any CPU
		{E078D2B2-FF7C-496E-98EE-B503A4E0CDB9}.Release|Any CPU.Build.0 = Release|Any CPU
	EndGlobalSection
	GlobalSection(SolutionProperties) = preSolution
		HideSolutionNode = FALSE
	EndGlobalSection
	GlobalSection(ExtensibilityGlobals) = postSolution
		SolutionGuid = {F433A06E-7F1D-4FEF-978C-D132AA6EE4A7}
	EndGlobalSection
EndGlobal
